<<<<<<< HEAD
﻿
Microsoft Visual Studio Solution File, Format Version 12.00
# Visual Studio 15
Project("{FAE04EC0-301F-11D3-BF4B-00C04F79EFBC}") = "Practice_Endless_runner", "Assembly-CSharp.csproj", "{B3481D72-ED5D-E70A-6785-8E6C8F9DF0F9}"
EndProject
Global
	GlobalSection(SolutionConfigurationPlatforms) = preSolution
		Debug|Any CPU = Debug|Any CPU
		Release|Any CPU = Release|Any CPU
	EndGlobalSection
	GlobalSection(ProjectConfigurationPlatforms) = postSolution
		{B3481D72-ED5D-E70A-6785-8E6C8F9DF0F9}.Debug|Any CPU.ActiveCfg = Debug|Any CPU
		{B3481D72-ED5D-E70A-6785-8E6C8F9DF0F9}.Debug|Any CPU.Build.0 = Debug|Any CPU
		{B3481D72-ED5D-E70A-6785-8E6C8F9DF0F9}.Release|Any CPU.ActiveCfg = Release|Any CPU
		{B3481D72-ED5D-E70A-6785-8E6C8F9DF0F9}.Release|Any CPU.Build.0 = Release|Any CPU
	EndGlobalSection
	GlobalSection(SolutionProperties) = preSolution
		HideSolutionNode = FALSE
	EndGlobalSection
EndGlobal
=======
﻿
Microsoft Visual Studio Solution File, Format Version 12.00
# Visual Studio 2017
Project("{FAE04EC0-301F-11D3-BF4B-00C04F79EFBC}") = "Practice_Endless_runner", "Practice_Endless_runner.csproj", "{9A3D3183-7396-434C-F4B4-586B598B4975}"
EndProject
Global
	GlobalSection(SolutionConfigurationPlatforms) = preSolution
		Debug|Any CPU = Debug|Any CPU
		Release|Any CPU = Release|Any CPU
	EndGlobalSection
	GlobalSection(ProjectConfigurationPlatforms) = postSolution
		{9A3D3183-7396-434C-F4B4-586B598B4975}.Debug|Any CPU.ActiveCfg = Debug|Any CPU
		{9A3D3183-7396-434C-F4B4-586B598B4975}.Debug|Any CPU.Build.0 = Debug|Any CPU
		{9A3D3183-7396-434C-F4B4-586B598B4975}.Release|Any CPU.ActiveCfg = Release|Any CPU
		{9A3D3183-7396-434C-F4B4-586B598B4975}.Release|Any CPU.Build.0 = Release|Any CPU
	EndGlobalSection
	GlobalSection(SolutionProperties) = preSolution
		HideSolutionNode = FALSE
	EndGlobalSection
EndGlobal
>>>>>>> Luke
